
Microsoft Visual Studio Solution File, Format Version 12.00
# Visual Studio Version 16
VisualStudioVersion = 16.0.28803.156
MinimumVisualStudioVersion = 10.0.40219.1
Project("{FAE04EC0-301F-11D3-BF4B-00C04F79EFBC}") = "BlogSetup", "BlogSetup\BlogSetup.csproj", "{E227AE40-EE36-437F-A397-E99A7BA32CA2}"
EndProject
Global
	GlobalSection(SolutionConfigurationPlatforms) = preSolution
		Debug|Any CPU = Debug|Any CPU
		Release|Any CPU = Release|Any CPU
	EndGlobalSection
	GlobalSection(ProjectConfigurationPlatforms) = postSolution
		{E227AE40-EE36-437F-A397-E99A7BA32CA2}.Debug|Any CPU.ActiveCfg = Debug|Any CPU
		{E227AE40-EE36-437F-A397-E99A7BA32CA2}.Debug|Any CPU.Build.0 = Debug|Any CPU
		{E227AE40-EE36-437F-A397-E99A7BA32CA2}.Release|Any CPU.ActiveCfg = Release|Any CPU
		{E227AE40-EE36-437F-A397-E99A7BA32CA2}.Release|Any CPU.Build.0 = Release|Any CPU
	EndGlobalSection
	GlobalSection(SolutionProperties) = preSolution
		HideSolutionNode = FALSE
	EndGlobalSection
	GlobalSection(ExtensibilityGlobals) = postSolution
		SolutionGuid = {B0EA9699-62EB-448B-BCF0-B12135CDB0E7}
	EndGlobalSection
EndGlobal
