
Microsoft Visual Studio Solution File, Format Version 12.00
# Visual Studio Version 16
VisualStudioVersion = 16.0.28803.156
MinimumVisualStudioVersion = 10.0.40219.1
Project("{FAE04EC0-301F-11D3-BF4B-00C04F79EFBC}") = "FHBR_V2", "FHBR_V2\FHBR_V2.csproj", "{F607C4D9-6312-4848-ACDA-6C8AAF208D0A}"
EndProject
Global
	GlobalSection(SolutionConfigurationPlatforms) = preSolution
		Debug|Any CPU = Debug|Any CPU
		Release|Any CPU = Release|Any CPU
	EndGlobalSection
	GlobalSection(ProjectConfigurationPlatforms) = postSolution
		{F607C4D9-6312-4848-ACDA-6C8AAF208D0A}.Debug|Any CPU.ActiveCfg = Debug|Any CPU
		{F607C4D9-6312-4848-ACDA-6C8AAF208D0A}.Debug|Any CPU.Build.0 = Debug|Any CPU
		{F607C4D9-6312-4848-ACDA-6C8AAF208D0A}.Release|Any CPU.ActiveCfg = Release|Any CPU
		{F607C4D9-6312-4848-ACDA-6C8AAF208D0A}.Release|Any CPU.Build.0 = Release|Any CPU
	EndGlobalSection
	GlobalSection(SolutionProperties) = preSolution
		HideSolutionNode = FALSE
	EndGlobalSection
	GlobalSection(ExtensibilityGlobals) = postSolution
		SolutionGuid = {18CBAA5E-090C-4854-9A46-C90E7F3EB845}
	EndGlobalSection
EndGlobal
